PODS:
  - AppAuth (1.7.6):
    - AppAuth/Core (= 1.7.6)
    - AppAuth/ExternalUserAgent (= 1.7.6)
  - AppAuth/Core (1.7.6)
  - AppAuth/ExternalUserAgent (1.7.6):
    - AppAuth/Core
  - AppCheckCore (11.2.0):
    - GoogleUtilities/Environment (~> 8.0)
    - GoogleUtilities/UserDefaults (~> 8.0)
    - PromisesObjC (~> 2.4)
  - appmetrica_plugin (3.2.0):
    - AppMetricaAnalytics (~> 5.10)
    - Flutter
  - AppMetricaAdSupport (5.11.1):
    - AppMetricaCore (= 5.11.1)
    - AppMetricaCoreExtension (= 5.11.1)
  - AppMetricaAnalytics (5.11.1):
    - AppMetricaAdSupport (= 5.11.1)
    - AppMetricaCore (= 5.11.1)
    - AppMetricaCrashes (= 5.11.1)
    - AppMetricaScreenshot (= 5.11.1)
    - AppMetricaWebKit (= 5.11.1)
  - AppMetricaCore (5.11.1):
    - AppMetricaCoreUtils (= 5.11.1)
    - AppMetricaEncodingUtils (= 5.11.1)
    - AppMetricaFMDB (= 5.11.1)
    - AppMetricaHostState (= 5.11.1)
    - AppMetricaIdentifiers (= 5.11.1)
    - AppMetricaKeychain (= 5.11.1)
    - AppMetricaLog (= 5.11.1)
    - AppMetricaNetwork (= 5.11.1)
    - AppMetricaPlatform (= 5.11.1)
    - AppMetricaProtobuf (= 5.11.1)
    - AppMetricaProtobufUtils (= 5.11.1)
    - AppMetricaStorageUtils (= 5.11.1)
  - AppMetricaCoreExtension (5.11.1):
    - AppMetricaCore (= 5.11.1)
    - AppMetricaStorageUtils (= 5.11.1)
  - AppMetricaCoreUtils (5.11.1):
    - AppMetricaLog (= 5.11.1)
  - AppMetricaCrashes (5.11.1):
    - AppMetricaCore (= 5.11.1)
    - AppMetricaCoreExtension (= 5.11.1)
    - AppMetricaCoreUtils (= 5.11.1)
    - AppMetricaEncodingUtils (= 5.11.1)
    - AppMetricaHostState (= 5.11.1)
    - AppMetricaLog (= 5.11.1)
    - AppMetricaPlatform (= 5.11.1)
    - AppMetricaProtobufUtils (= 5.11.1)
    - AppMetricaStorageUtils (= 5.11.1)
    - KSCrash/Recording (< 2.1.0, >= 2.0.0)
  - AppMetricaEncodingUtils (5.11.1):
    - AppMetricaCoreUtils (= 5.11.1)
    - AppMetricaLog (= 5.11.1)
    - AppMetricaPlatform (= 5.11.1)
  - AppMetricaFMDB (5.11.1)
  - AppMetricaHostState (5.11.1):
    - AppMetricaCoreUtils (= 5.11.1)
    - AppMetricaLog (= 5.11.1)
  - AppMetricaIdentifiers (5.11.1):
    - AppMetricaKeychain (= 5.11.1)
    - AppMetricaLogSwift (= 5.11.1)
    - AppMetricaPlatform (= 5.11.1)
    - AppMetricaStorageUtils (= 5.11.1)
    - AppMetricaSynchronization (= 5.11.1)
  - AppMetricaKeychain (5.11.1):
    - AppMetricaCoreUtils (= 5.11.1)
    - AppMetricaLog (= 5.11.1)
    - AppMetricaStorageUtils (= 5.11.1)
  - AppMetricaLog (5.11.1)
  - AppMetricaLogSwift (5.11.1):
    - AppMetricaLog (= 5.11.1)
  - AppMetricaNetwork (5.11.1):
    - AppMetricaCoreUtils (= 5.11.1)
    - AppMetricaLog (= 5.11.1)
    - AppMetricaPlatform (= 5.11.1)
  - AppMetricaPlatform (5.11.1):
    - AppMetricaCoreUtils (= 5.11.1)
    - AppMetricaLog (= 5.11.1)
  - AppMetricaProtobuf (5.11.1)
  - AppMetricaProtobufUtils (5.11.1):
    - AppMetricaProtobuf (= 5.11.1)
  - AppMetricaScreenshot (5.11.1):
    - AppMetricaCore (= 5.11.1)
    - AppMetricaCoreExtension (= 5.11.1)
  - AppMetricaStorageUtils (5.11.1):
    - AppMetricaCoreUtils (= 5.11.1)
    - AppMetricaLog (= 5.11.1)
  - AppMetricaSynchronization (5.11.1):
    - AppMetricaLogSwift (= 5.11.1)
  - AppMetricaWebKit (5.11.1):
    - AppMetricaCore (= 5.11.1)
    - AppMetricaCoreUtils (= 5.11.1)
    - AppMetricaLog (= 5.11.1)
  - Firebase/Auth (11.10.0):
    - Firebase/CoreOnly
    - FirebaseAuth (~> 11.10.0)
  - Firebase/CoreOnly (11.10.0):
    - FirebaseCore (~> 11.10.0)
  - Firebase/Messaging (11.10.0):
    - Firebase/CoreOnly
    - FirebaseMessaging (~> 11.10.0)
  - Firebase/RemoteConfig (11.10.0):
    - Firebase/CoreOnly
    - FirebaseRemoteConfig (~> 11.10.0)
  - firebase_auth (5.5.4):
    - Firebase/Auth (= 11.10.0)
    - firebase_core
    - Flutter
  - firebase_core (3.13.1):
    - Firebase/CoreOnly (= 11.10.0)
    - Flutter
  - firebase_messaging (15.2.6):
    - Firebase/Messaging (= 11.10.0)
    - firebase_core
    - Flutter
  - firebase_remote_config (5.4.4):
    - Firebase/RemoteConfig (= 11.10.0)
    - firebase_core
    - Flutter
  - FirebaseABTesting (11.10.0):
    - FirebaseCore (~> 11.10.0)
  - FirebaseAppCheckInterop (11.15.0)
  - FirebaseAuth (11.10.0):
    - FirebaseAppCheckInterop (~> 11.0)
    - FirebaseAuthInterop (~> 11.0)
    - FirebaseCore (~> 11.10.0)
    - FirebaseCoreExtension (~> 11.10.0)
    - GoogleUtilities/AppDelegateSwizzler (~> 8.0)
    - GoogleUtilities/Environment (~> 8.0)
    - GTMSessionFetcher/Core (< 5.0, >= 3.4)
    - RecaptchaInterop (~> 101.0)
  - FirebaseAuthInterop (11.15.0)
  - FirebaseCore (11.10.0):
    - FirebaseCoreInternal (~> 11.10.0)
    - GoogleUtilities/Environment (~> 8.0)
    - GoogleUtilities/Logger (~> 8.0)
  - FirebaseCoreExtension (11.10.0):
    - FirebaseCore (~> 11.10.0)
  - FirebaseCoreInternal (11.10.0):
    - "GoogleUtilities/NSData+zlib (~> 8.0)"
  - FirebaseInstallations (11.10.0):
    - FirebaseCore (~> 11.10.0)
    - GoogleUtilities/Environment (~> 8.0)
    - GoogleUtilities/UserDefaults (~> 8.0)
    - PromisesObjC (~> 2.4)
  - FirebaseMessaging (11.10.0):
    - FirebaseCore (~> 11.10.0)
    - FirebaseInstallations (~> 11.0)
    - GoogleDataTransport (~> 10.0)
    - GoogleUtilities/AppDelegateSwizzler (~> 8.0)
    - GoogleUtilities/Environment (~> 8.0)
    - GoogleUtilities/Reachability (~> 8.0)
    - GoogleUtilities/UserDefaults (~> 8.0)
    - nanopb (~> 3.30910.0)
  - FirebaseRemoteConfig (11.10.0):
    - FirebaseABTesting (~> 11.0)
    - FirebaseCore (~> 11.10.0)
    - FirebaseInstallations (~> 11.0)
    - FirebaseRemoteConfigInterop (~> 11.0)
    - FirebaseSharedSwift (~> 11.0)
    - GoogleUtilities/Environment (~> 8.0)
    - "GoogleUtilities/NSData+zlib (~> 8.0)"
  - FirebaseRemoteConfigInterop (11.15.0)
  - FirebaseSharedSwift (11.15.0)
  - Flutter (1.0.0)
  - flutter_downloader (0.0.1):
    - Flutter
  - flutter_local_notifications (0.0.1):
    - Flutter
  - flutter_secure_storage (6.0.0):
    - Flutter
  - google_sign_in_ios (0.0.1):
    - AppAuth (>= 1.7.4)
    - Flutter
    - FlutterMacOS
    - GoogleSignIn (~> 8.0)
    - GTMSessionFetcher (>= 3.4.0)
  - GoogleDataTransport (10.1.0):
    - nanopb (~> 3.30910.0)
    - PromisesObjC (~> 2.4)
  - GoogleSignIn (8.0.0):
    - AppAuth (< 2.0, >= 1.7.3)
    - AppCheckCore (~> 11.0)
    - GTMAppAuth (< 5.0, >= 4.1.1)
    - GTMSessionFetcher/Core (~> 3.3)
  - GoogleUtilities/AppDelegateSwizzler (8.1.0):
    - GoogleUtilities/Environment
    - GoogleUtilities/Logger
    - GoogleUtilities/Network
    - GoogleUtilities/Privacy
  - GoogleUtilities/Environment (8.1.0):
    - GoogleUtilities/Privacy
  - GoogleUtilities/Logger (8.1.0):
    - GoogleUtilities/Environment
    - GoogleUtilities/Privacy
  - GoogleUtilities/Network (8.1.0):
    - GoogleUtilities/Logger
    - "GoogleUtilities/NSData+zlib"
    - GoogleUtilities/Privacy
    - GoogleUtilities/Reachability
  - "GoogleUtilities/NSData+zlib (8.1.0)":
    - GoogleUtilities/Privacy
  - GoogleUtilities/Privacy (8.1.0)
  - GoogleUtilities/Reachability (8.1.0):
    - GoogleUtilities/Logger
    - GoogleUtilities/Privacy
  - GoogleUtilities/UserDefaults (8.1.0):
    - GoogleUtilities/Logger
    - GoogleUtilities/Privacy
  - GTMAppAuth (4.1.1):
    - AppAuth/Core (~> 1.7)
    - GTMSessionFetcher/Core (< 4.0, >= 3.3)
  - GTMSessionFetcher (3.5.0):
    - GTMSessionFetcher/Full (= 3.5.0)
  - GTMSessionFetcher/Core (3.5.0)
  - GTMSessionFetcher/Full (3.5.0):
    - GTMSessionFetcher/Core
  - KSCrash/Core (2.0.0)
  - KSCrash/Recording (2.0.0):
    - KSCrash/RecordingCore
  - KSCrash/RecordingCore (2.0.0):
    - KSCrash/Core
  - nanopb (3.30910.0):
    - nanopb/decode (= 3.30910.0)
    - nanopb/encode (= 3.30910.0)
  - nanopb/decode (3.30910.0)
  - nanopb/encode (3.30910.0)
  - package_info_plus (0.4.5):
    - Flutter
  - path_provider_foundation (0.0.1):
    - Flutter
    - FlutterMacOS
  - PromisesObjC (2.4.0)
  - RecaptchaInterop (101.0.0)
  - share_plus (0.0.1):
    - Flutter
  - sqlite3 (3.49.2):
    - sqlite3/common (= 3.49.2)
  - sqlite3/common (3.49.2)
  - sqlite3/dbstatvtab (3.49.2):
    - sqlite3/common
  - sqlite3/fts5 (3.49.2):
    - sqlite3/common
  - sqlite3/math (3.49.2):
    - sqlite3/common
  - sqlite3/perf-threadsafe (3.49.2):
    - sqlite3/common
  - sqlite3/rtree (3.49.2):
    - sqlite3/common
  - sqlite3_flutter_libs (0.0.1):
    - Flutter
    - FlutterMacOS
    - sqlite3 (~> 3.49.2)
    - sqlite3/dbstatvtab
    - sqlite3/fts5
    - sqlite3/math
    - sqlite3/perf-threadsafe
    - sqlite3/rtree
  - url_launcher_ios (0.0.1):
    - Flutter

DEPENDENCIES:
  - appmetrica_plugin (from `.symlinks/plugins/appmetrica_plugin/ios`)
  - firebase_auth (from `.symlinks/plugins/firebase_auth/ios`)
  - firebase_core (from `.symlinks/plugins/firebase_core/ios`)
  - firebase_messaging (from `.symlinks/plugins/firebase_messaging/ios`)
  - firebase_remote_config (from `.symlinks/plugins/firebase_remote_config/ios`)
  - Flutter (from `Flutter`)
  - flutter_downloader (from `.symlinks/plugins/flutter_downloader/ios`)
  - flutter_local_notifications (from `.symlinks/plugins/flutter_local_notifications/ios`)
  - flutter_secure_storage (from `.symlinks/plugins/flutter_secure_storage/ios`)
  - google_sign_in_ios (from `.symlinks/plugins/google_sign_in_ios/darwin`)
  - package_info_plus (from `.symlinks/plugins/package_info_plus/ios`)
  - path_provider_foundation (from `.symlinks/plugins/path_provider_foundation/darwin`)
  - share_plus (from `.symlinks/plugins/share_plus/ios`)
  - sqlite3_flutter_libs (from `.symlinks/plugins/sqlite3_flutter_libs/darwin`)
  - url_launcher_ios (from `.symlinks/plugins/url_launcher_ios/ios`)

SPEC REPOS:
  trunk:
    - AppAuth
    - AppCheckCore
    - AppMetricaAdSupport
    - AppMetricaAnalytics
    - AppMetricaCore
    - AppMetricaCoreExtension
    - AppMetricaCoreUtils
    - AppMetricaCrashes
    - AppMetricaEncodingUtils
    - AppMetricaFMDB
    - AppMetricaHostState
    - AppMetricaIdentifiers
    - AppMetricaKeychain
    - AppMetricaLog
    - AppMetricaLogSwift
    - AppMetricaNetwork
    - AppMetricaPlatform
    - AppMetricaProtobuf
    - AppMetricaProtobufUtils
    - AppMetricaScreenshot
    - AppMetricaStorageUtils
    - AppMetricaSynchronization
    - AppMetricaWebKit
    - Firebase
    - FirebaseABTesting
    - FirebaseAppCheckInterop
    - FirebaseAuth
    - FirebaseAuthInterop
    - FirebaseCore
    - FirebaseCoreExtension
    - FirebaseCoreInternal
    - FirebaseInstallations
    - FirebaseMessaging
    - FirebaseRemoteConfig
    - FirebaseRemoteConfigInterop
    - FirebaseSharedSwift
    - GoogleDataTransport
    - GoogleSignIn
    - GoogleUtilities
    - GTMAppAuth
    - GTMSessionFetcher
    - KSCrash
    - nanopb
    - PromisesObjC
    - RecaptchaInterop
    - sqlite3

EXTERNAL SOURCES:
  appmetrica_plugin:
    :path: ".symlinks/plugins/appmetrica_plugin/ios"
  firebase_auth:
    :path: ".symlinks/plugins/firebase_auth/ios"
  firebase_core:
    :path: ".symlinks/plugins/firebase_core/ios"
  firebase_messaging:
    :path: ".symlinks/plugins/firebase_messaging/ios"
  firebase_remote_config:
    :path: ".symlinks/plugins/firebase_remote_config/ios"
  Flutter:
    :path: Flutter
  flutter_downloader:
    :path: ".symlinks/plugins/flutter_downloader/ios"
  flutter_local_notifications:
    :path: ".symlinks/plugins/flutter_local_notifications/ios"
  flutter_secure_storage:
    :path: ".symlinks/plugins/flutter_secure_storage/ios"
  google_sign_in_ios:
    :path: ".symlinks/plugins/google_sign_in_ios/darwin"
  package_info_plus:
    :path: ".symlinks/plugins/package_info_plus/ios"
  path_provider_foundation:
    :path: ".symlinks/plugins/path_provider_foundation/darwin"
  share_plus:
    :path: ".symlinks/plugins/share_plus/ios"
  sqlite3_flutter_libs:
    :path: ".symlinks/plugins/sqlite3_flutter_libs/darwin"
  url_launcher_ios:
    :path: ".symlinks/plugins/url_launcher_ios/ios"

SPEC CHECKSUMS:
  AppAuth: d4f13a8fe0baf391b2108511793e4b479691fb73
  AppCheckCore: cc8fd0a3a230ddd401f326489c99990b013f0c4f
  appmetrica_plugin: 52518604d81b0dccc288048336ea59b1b275acd7
  AppMetricaAdSupport: 8ad292b97690a181f3172396110a655522b91881
  AppMetricaAnalytics: 045d69c62ec1fd0958e8cd8f17b563ddf72a1f96
  AppMetricaCore: 6ad500da8cf891cf1ae4dadb8593dc127cd28c95
  AppMetricaCoreExtension: 376d3c84742f90901b44b78988f9ca5f57272f6e
  AppMetricaCoreUtils: ad4c88c5338e3aa6668f1f0de282d97306487c79
  AppMetricaCrashes: 527e0bae11138491f7a698ab5784383056f65983
  AppMetricaEncodingUtils: f282281e52824b5584a9994946b6f6f9725970c3
  AppMetricaFMDB: 7f13f0ddc2203ac593db96baa807783956904efc
  AppMetricaHostState: 0638b8433d70d001b47a44fade6b51e465fc9626
  AppMetricaIdentifiers: e75d45cbb3b422531aa15a01e34fa8b7a0a1ec37
  AppMetricaKeychain: 260ca4557d917a4b238b753ec7e07a82946eedbf
  AppMetricaLog: bd20a91993f0faa4f506c71e77df941225ae2114
  AppMetricaLogSwift: 778a1d0d50b9230393d2224cf923d6171dcfc1ba
  AppMetricaNetwork: 74d5c233a26a5938f25f074103b781599535be7e
  AppMetricaPlatform: a55be9f074688addfdbea57f64287286651e6158
  AppMetricaProtobuf: c3d320e26751c1d324009a93d7fd6336e5125e08
  AppMetricaProtobufUtils: f02b5e26d31b20407b5a9834f00502e65e6bee20
  AppMetricaScreenshot: e8fa60f71cf95b57eab54eabb79f8d0c5a64d9e0
  AppMetricaStorageUtils: d9402ed21182a084b7904e30e5ced73214fe6780
  AppMetricaSynchronization: 032608cc112d218c249835f6555879797e9f8381
  AppMetricaWebKit: 7538ce7e14efac8d19fb014ffe0aba829e1cafbf
  Firebase: 1fe1c0a7d9aaea32efe01fbea5f0ebd8d70e53a2
  firebase_auth: 4d9603c196d22f71e80cf518b71939c4f2117088
  firebase_core: ba71b44041571da878cb624ce0d80250bcbe58ad
  firebase_messaging: 13129fe2ca166d1ed2d095062d76cee88943d067
  firebase_remote_config: 6401714e2bea6f7905f71f780f4a49ff89728d2d
  FirebaseABTesting: dfc10eb6cc08fe3b391ac9e5aa40396d43ea6675
  FirebaseAppCheckInterop: 06fe5a3799278ae4667e6c432edd86b1030fa3df
  FirebaseAuth: c4146bdfdc87329f9962babd24dae89373f49a32
  FirebaseAuthInterop: 7087d7a4ee4bc4de019b2d0c240974ed5d89e2fd
  FirebaseCore: 8344daef5e2661eb004b177488d6f9f0f24251b7
  FirebaseCoreExtension: 6f357679327f3614e995dc7cf3f2d600bdc774ac
  FirebaseCoreInternal: ef4505d2afb1d0ebbc33162cb3795382904b5679
  FirebaseInstallations: 9980995bdd06ec8081dfb6ab364162bdd64245c3
  FirebaseMessaging: 2b9f56aa4ed286e1f0ce2ee1d413aabb8f9f5cb9
  FirebaseRemoteConfig: 10695bc0ce3b103e3706a5578c43f2a9f69d5aaa
  FirebaseRemoteConfigInterop: 1c6135e8a094cc6368949f5faeeca7ee8948b8aa
  FirebaseSharedSwift: e17c654ef1f1a616b0b33054e663ad1035c8fd40
  Flutter: e0871f40cf51350855a761d2e70bf5af5b9b5de7
  flutter_downloader: 78da0da1084e709cbfd3b723c7ea349c71681f09
  flutter_local_notifications: a5a732f069baa862e728d839dd2ebb904737effb
  flutter_secure_storage: 1ed9476fba7e7a782b22888f956cce43e2c62f13
  google_sign_in_ios: b48bb9af78576358a168361173155596c845f0b9
  GoogleDataTransport: aae35b7ea0c09004c3797d53c8c41f66f219d6a7
  GoogleSignIn: ce8c89bb9b37fb624b92e7514cc67335d1e277e4
  GoogleUtilities: 00c88b9a86066ef77f0da2fab05f65d7768ed8e1
  GTMAppAuth: f69bd07d68cd3b766125f7e072c45d7340dea0de
  GTMSessionFetcher: 5aea5ba6bd522a239e236100971f10cb71b96ab6
  KSCrash: ad271a7799f0a2841be0fb7d6bd105444c440832
  nanopb: fad817b59e0457d11a5dfbde799381cd727c1275
  package_info_plus: af8e2ca6888548050f16fa2f1938db7b5a5df499
  path_provider_foundation: 080d55be775b7414fd5a5ef3ac137b97b097e564
  PromisesObjC: f5707f49cb48b9636751c5b2e7d227e43fba9f47
  RecaptchaInterop: 11e0b637842dfb48308d242afc3f448062325aba
  share_plus: 50da8cb520a8f0f65671c6c6a99b3617ed10a58a
  sqlite3: 3c950dc86011117c307eb0b28c4a7bb449dce9f1
  sqlite3_flutter_libs: 74334e3ef2dbdb7d37e50859bb45da43935779c4
  url_launcher_ios: 694010445543906933d732453a59da0a173ae33d

PODFILE CHECKSUM: a57f30d18f102dd3ce366b1d62a55ecbef2158e5

COCOAPODS: 1.16.2
